// !$*UTF8*$!
{
	archiveVersion = 1;
	classes = {
	};
	objectVersion = 56;
	objects = {

/* Begin PBXBuildFile section */
		3BE2DB152CA44AE6001200B6 /* TiktokCloneApp.swift in Sources */ = {isa = PBXBuildFile; fileRef = 3BE2DB142CA44AE6001200B6 /* TiktokCloneApp.swift */; };
		3BE2DB172CA44AE6001200B6 /* ContentView.swift in Sources */ = {isa = PBXBuildFile; fileRef = 3BE2DB162CA44AE6001200B6 /* ContentView.swift */; };
		3BE2DB192CA44AE8001200B6 /* Assets.xcassets in Resources */ = {isa = PBXBuildFile; fileRef = 3BE2DB182CA44AE8001200B6 /* Assets.xcassets */; };
		3BE2DB1D2CA44AE8001200B6 /* Preview Assets.xcassets in Resources */ = {isa = PBXBuildFile; fileRef = 3BE2DB1C2CA44AE8001200B6 /* Preview Assets.xcassets */; };
		3BE2DB272CA44AE9001200B6 /* TiktokCloneTests.swift in Sources */ = {isa = PBXBuildFile; fileRef = 3BE2DB262CA44AE9001200B6 /* TiktokCloneTests.swift */; };
		3BE2DB312CA44AE9001200B6 /* TiktokCloneUITests.swift in Sources */ = {isa = PBXBuildFile; fileRef = 3BE2DB302CA44AE9001200B6 /* TiktokCloneUITests.swift */; };
		3BE2DB332CA44AE9001200B6 /* TiktokCloneUITestsLaunchTests.swift in Sources */ = {isa = PBXBuildFile; fileRef = 3BE2DB322CA44AE9001200B6 /* TiktokCloneUITestsLaunchTests.swift */; };
/* End PBXBuildFile section */

/* Begin PBXContainerItemProxy section */
		3BE2DB232CA44AE9001200B6 /* PBXContainerItemProxy */ = {
			isa = PBXContainerItemProxy;
			containerPortal = 3BE2DB092CA44AE6001200B6 /* Project object */;
			proxyType = 1;
			remoteGlobalIDString = 3BE2DB102CA44AE6001200B6;
			remoteInfo = TiktokClone;
		};
		3BE2DB2D2CA44AE9001200B6 /* PBXContainerItemProxy */ = {
			isa = PBXContainerItemProxy;
			containerPortal = 3BE2DB092CA44AE6001200B6 /* Project object */;
			proxyType = 1;
			remoteGlobalIDString = 3BE2DB102CA44AE6001200B6;
			remoteInfo = TiktokClone;
		};
/* End PBXContainerItemProxy section */

/* Begin PBXFileReference section */
		3BE2DB112CA44AE6001200B6 /* TiktokClone.app */ = {isa = PBXFileReference; explicitFileType = wrapper.application; includeInIndex = 0; path = TiktokClone.app; sourceTree = BUILT_PRODUCTS_DIR; };
		3BE2DB142CA44AE6001200B6 /* TiktokCloneApp.swift */ = {isa = PBXFileReference; lastKnownFileType = sourcecode.swift; path = TiktokCloneApp.swift; sourceTree = "<group>"; };
		3BE2DB162CA44AE6001200B6 /* ContentView.swift */ = {isa = PBXFileReference; lastKnownFileType = sourcecode.swift; path = ContentView.swift; sourceTree = "<group>"; };
		3BE2DB182CA44AE8001200B6 /* Assets.xcassets */ = {isa = PBXFileReference; lastKnownFileType = folder.assetcatalog; path = Assets.xcassets; sourceTree = "<group>"; };
		3BE2DB1A2CA44AE8001200B6 /* TiktokClone.entitlements */ = {isa = PBXFileReference; lastKnownFileType = text.plist.entitlements; path = TiktokClone.entitlements; sourceTree = "<group>"; };
		3BE2DB1C2CA44AE8001200B6 /* Preview Assets.xcassets */ = {isa = PBXFileReference; lastKnownFileType = folder.assetcatalog; path = "Preview Assets.xcassets"; sourceTree = "<group>"; };
		3BE2DB222CA44AE9001200B6 /* TiktokCloneTests.xctest */ = {isa = PBXFileReference; explicitFileType = wrapper.cfbundle; includeInIndex = 0; path = TiktokCloneTests.xctest; sourceTree = BUILT_PRODUCTS_DIR; };
		3BE2DB262CA44AE9001200B6 /* TiktokCloneTests.swift */ = {isa = PBXFileReference; lastKnownFileType = sourcecode.swift; path = TiktokCloneTests.swift; sourceTree = "<group>"; };
		3BE2DB2C2CA44AE9001200B6 /* TiktokCloneUITests.xctest */ = {isa = PBXFileReference; explicitFileType = wrapper.cfbundle; includeInIndex = 0; path = TiktokCloneUITests.xctest; sourceTree = BUILT_PRODUCTS_DIR; };
		3BE2DB302CA44AE9001200B6 /* TiktokCloneUITests.swift */ = {isa = PBXFileReference; lastKnownFileType = sourcecode.swift; path = TiktokCloneUITests.swift; sourceTree = "<group>"; };
		3BE2DB322CA44AE9001200B6 /* TiktokCloneUITestsLaunchTests.swift */ = {isa = PBXFileReference; lastKnownFileType = sourcecode.swift; path = TiktokCloneUITestsLaunchTests.swift; sourceTree = "<group>"; };
/* End PBXFileReference section */

/* Begin PBXFrameworksBuildPhase section */
		3BE2DB0E2CA44AE6001200B6 /* Frameworks */ = {
			isa = PBXFrameworksBuildPhase;
			buildActionMask = 2147483647;
			files = (
			);
			runOnlyForDeploymentPostprocessing = 0;
		};
		3BE2DB1F2CA44AE9001200B6 /* Frameworks */ = {
			isa = PBXFrameworksBuildPhase;
			buildActionMask = 2147483647;
			files = (
			);
			runOnlyForDeploymentPostprocessing = 0;
		};
		3BE2DB292CA44AE9001200B6 /* Frameworks */ = {
			isa = PBXFrameworksBuildPhase;
			buildActionMask = 2147483647;
			files = (
			);
			runOnlyForDeploymentPostprocessing = 0;
		};
/* End PBXFrameworksBuildPhase section */

/* Begin PBXGroup section */
		3BE2DB082CA44AE6001200B6 = {
			isa = PBXGroup;
			children = (
				3BE2DB132CA44AE6001200B6 /* TiktokClone */,
				3BE2DB252CA44AE9001200B6 /* TiktokCloneTests */,
				3BE2DB2F2CA44AE9001200B6 /* TiktokCloneUITests */,
				3BE2DB122CA44AE6001200B6 /* Products */,
			);
			sourceTree = "<group>";
		};
		3BE2DB122CA44AE6001200B6 /* Products */ = {
			isa = PBXGroup;
			children = (
				3BE2DB112CA44AE6001200B6 /* TiktokClone.app */,
				3BE2DB222CA44AE9001200B6 /* TiktokCloneTests.xctest */,
				3BE2DB2C2CA44AE9001200B6 /* TiktokCloneUITests.xctest */,
			);
			name = Products;
			sourceTree = "<group>";
		};
		3BE2DB132CA44AE6001200B6 /* TiktokClone */ = {
			isa = PBXGroup;
			children = (
				3BFBB4D72CA83CB100A42C62 /* App */,
				3BFBB4D62CA83CAB00A42C62 /* Core */,
				3BFBB4D52CA83CA700A42C62 /* Extensions */,
				3BFBB4D42CA83CA000A42C62 /* Models */,
				3BFBB4D22CA83C8F00A42C62 /* Services */,
				3BFBB4D82CA83F6000A42C62 /* Utils */,
				3BE2DB182CA44AE8001200B6 /* Assets.xcassets */,
				3BE2DB1A2CA44AE8001200B6 /* TiktokClone.entitlements */,
				3BE2DB1B2CA44AE8001200B6 /* Preview Content */,
			);
			path = TiktokClone;
			sourceTree = "<group>";
		};
		3BE2DB1B2CA44AE8001200B6 /* Preview Content */ = {
			isa = PBXGroup;
			children = (
				3BE2DB1C2CA44AE8001200B6 /* Preview Assets.xcassets */,
			);
			path = "Preview Content";
			sourceTree = "<group>";
		};
		3BE2DB252CA44AE9001200B6 /* TiktokCloneTests */ = {
			isa = PBXGroup;
			children = (
				3BE2DB262CA44AE9001200B6 /* TiktokCloneTests.swift */,
			);
			path = TiktokCloneTests;
			sourceTree = "<group>";
		};
		3BE2DB2F2CA44AE9001200B6 /* TiktokCloneUITests */ = {
			isa = PBXGroup;
			children = (
				3BE2DB302CA44AE9001200B6 /* TiktokCloneUITests.swift */,
				3BE2DB322CA44AE9001200B6 /* TiktokCloneUITestsLaunchTests.swift */,
			);
			path = TiktokCloneUITests;
			sourceTree = "<group>";
		};
		3BFBB4D22CA83C8F00A42C62 /* Services */ = {
			isa = PBXGroup;
			children = (
			);
			path = Services;
			sourceTree = "<group>";
		};
		3BFBB4D42CA83CA000A42C62 /* Models */ = {
			isa = PBXGroup;
			children = (
			);
			path = Models;
			sourceTree = "<group>";
		};
		3BFBB4D52CA83CA700A42C62 /* Extensions */ = {
			isa = PBXGroup;
			children = (
			);
			path = Extensions;
			sourceTree = "<group>";
		};
		3BFBB4D62CA83CAB00A42C62 /* Core */ = {
			isa = PBXGroup;
			children = (
				3BFBB4E22CA83FD400A42C62 /* Authentication */,
				3BFBB4E12CA83FD100A42C62 /* Comments */,
				3BFBB4E02CA83FCD00A42C62 /* Components */,
				3BFBB4DF2CA83FCA00A42C62 /* Feeds */,
				3BFBB4DE2CA83FC700A42C62 /* Notifications */,
				3BFBB4DD2CA83FC300A42C62 /* Profile */,
				3BFBB4DC2CA83FC000A42C62 /* Root */,
				3BFBB4DB2CA83FBC00A42C62 /* Search */,
				3BFBB4DA2CA83FB800A42C62 /* New Group1 */,
				3BFBB4D92CA83FB500A42C62 /* New Group */,
			);
			path = Core;
			sourceTree = "<group>";
		};
		3BFBB4D72CA83CB100A42C62 /* App */ = {
			isa = PBXGroup;
			children = (
				3BE2DB142CA44AE6001200B6 /* TiktokCloneApp.swift */,
			);
			path = App;
			sourceTree = "<group>";
		};
		3BFBB4D82CA83F6000A42C62 /* Utils */ = {
			isa = PBXGroup;
			children = (
			);
			path = Utils;
			sourceTree = "<group>";
		};
		3BFBB4D92CA83FB500A42C62 /* New Group */ = {
			isa = PBXGroup;
			children = (
			);
			path = "New Group";
			sourceTree = "<group>";
		};
		3BFBB4DA2CA83FB800A42C62 /* New Group1 */ = {
			isa = PBXGroup;
			children = (
			);
			path = "New Group1";
			sourceTree = "<group>";
		};
		3BFBB4DB2CA83FBC00A42C62 /* Search */ = {
			isa = PBXGroup;
			children = (
			);
			path = Search;
			sourceTree = "<group>";
		};
		3BFBB4DC2CA83FC000A42C62 /* Root */ = {
			isa = PBXGroup;
			children = (
				3BE2DB162CA44AE6001200B6 /* ContentView.swift */,
			);
			path = Root;
			sourceTree = "<group>";
		};
		3BFBB4DD2CA83FC300A42C62 /* Profile */ = {
			isa = PBXGroup;
			children = (
			);
			path = Profile;
			sourceTree = "<group>";
		};
		3BFBB4DE2CA83FC700A42C62 /* Notifications */ = {
			isa = PBXGroup;
			children = (
			);
			path = Notifications;
			sourceTree = "<group>";
		};
		3BFBB4DF2CA83FCA00A42C62 /* Feeds */ = {
			isa = PBXGroup;
			children = (
			);
			path = Feeds;
			sourceTree = "<group>";
		};
		3BFBB4E02CA83FCD00A42C62 /* Components */ = {
			isa = PBXGroup;
			children = (
			);
			path = Components;
			sourceTree = "<group>";
		};
		3BFBB4E12CA83FD100A42C62 /* Comments */ = {
			isa = PBXGroup;
			children = (
			);
			path = Comments;
			sourceTree = "<group>";
		};
		3BFBB4E22CA83FD400A42C62 /* Authentication */ = {
			isa = PBXGroup;
			children = (
			);
			path = Authentication;
			sourceTree = "<group>";
		};
/* End PBXGroup section */

/* Begin PBXNativeTarget section */
		3BE2DB102CA44AE6001200B6 /* TiktokClone */ = {
			isa = PBXNativeTarget;
			buildConfigurationList = 3BE2DB362CA44AE9001200B6 /* Build configuration list for PBXNativeTarget "TiktokClone" */;
			buildPhases = (
				3BE2DB0D2CA44AE6001200B6 /* Sources */,
				3BE2DB0E2CA44AE6001200B6 /* Frameworks */,
				3BE2DB0F2CA44AE6001200B6 /* Resources */,
			);
			buildRules = (
			);
			dependencies = (
			);
			name = TiktokClone;
			productName = TiktokClone;
			productReference = 3BE2DB112CA44AE6001200B6 /* TiktokClone.app */;
			productType = "com.apple.product-type.application";
		};
		3BE2DB212CA44AE9001200B6 /* TiktokCloneTests */ = {
			isa = PBXNativeTarget;
			buildConfigurationList = 3BE2DB392CA44AE9001200B6 /* Build configuration list for PBXNativeTarget "TiktokCloneTests" */;
			buildPhases = (
				3BE2DB1E2CA44AE9001200B6 /* Sources */,
				3BE2DB1F2CA44AE9001200B6 /* Frameworks */,
				3BE2DB202CA44AE9001200B6 /* Resources */,
			);
			buildRules = (
			);
			dependencies = (
				3BE2DB242CA44AE9001200B6 /* PBXTargetDependency */,
			);
			name = TiktokCloneTests;
			productName = TiktokCloneTests;
			productReference = 3BE2DB222CA44AE9001200B6 /* TiktokCloneTests.xctest */;
			productType = "com.apple.product-type.bundle.unit-test";
		};
		3BE2DB2B2CA44AE9001200B6 /* TiktokCloneUITests */ = {
			isa = PBXNativeTarget;
			buildConfigurationList = 3BE2DB3C2CA44AE9001200B6 /* Build configuration list for PBXNativeTarget "TiktokCloneUITests" */;
			buildPhases = (
				3BE2DB282CA44AE9001200B6 /* Sources */,
				3BE2DB292CA44AE9001200B6 /* Frameworks */,
				3BE2DB2A2CA44AE9001200B6 /* Resources */,
			);
			buildRules = (
			);
			dependencies = (
				3BE2DB2E2CA44AE9001200B6 /* PBXTargetDependency */,
			);
			name = TiktokCloneUITests;
			productName = TiktokCloneUITests;
			productReference = 3BE2DB2C2CA44AE9001200B6 /* TiktokCloneUITests.xctest */;
			productType = "com.apple.product-type.bundle.ui-testing";
		};
/* End PBXNativeTarget section */

/* Begin PBXProject section */
		3BE2DB092CA44AE6001200B6 /* Project object */ = {
			isa = PBXProject;
			attributes = {
				BuildIndependentTargetsInParallel = 1;
				LastSwiftUpdateCheck = 1540;
				LastUpgradeCheck = 1540;
				TargetAttributes = {
					3BE2DB102CA44AE6001200B6 = {
						CreatedOnToolsVersion = 15.4;
					};
					3BE2DB212CA44AE9001200B6 = {
						CreatedOnToolsVersion = 15.4;
						TestTargetID = 3BE2DB102CA44AE6001200B6;
					};
					3BE2DB2B2CA44AE9001200B6 = {
						CreatedOnToolsVersion = 15.4;
						TestTargetID = 3BE2DB102CA44AE6001200B6;
					};
				};
			};
			buildConfigurationList = 3BE2DB0C2CA44AE6001200B6 /* Build configuration list for PBXProject "TiktokClone" */;
			compatibilityVersion = "Xcode 14.0";
			developmentRegion = en;
			hasScannedForEncodings = 0;
			knownRegions = (
				en,
				Base,
			);
			mainGroup = 3BE2DB082CA44AE6001200B6;
			productRefGroup = 3BE2DB122CA44AE6001200B6 /* Products */;
			projectDirPath = "";
			projectRoot = "";
			targets = (
				3BE2DB102CA44AE6001200B6 /* TiktokClone */,
				3BE2DB212CA44AE9001200B6 /* TiktokCloneTests */,
				3BE2DB2B2CA44AE9001200B6 /* TiktokCloneUITests */,
			);
		};
/* End PBXProject section */

/* Begin PBXResourcesBuildPhase section */
		3BE2DB0F2CA44AE6001200B6 /* Resources */ = {
			isa = PBXResourcesBuildPhase;
			buildActionMask = 2147483647;
			files = (
				3BE2DB1D2CA44AE8001200B6 /* Preview Assets.xcassets in Resources */,
				3BE2DB192CA44AE8001200B6 /* Assets.xcassets in Resources */,
			);
			runOnlyForDeploymentPostprocessing = 0;
		};
		3BE2DB202CA44AE9001200B6 /* Resources */ = {
			isa = PBXResourcesBuildPhase;
			buildActionMask = 2147483647;
			files = (
			);
			runOnlyForDeploymentPostprocessing = 0;
		};
		3BE2DB2A2CA44AE9001200B6 /* Resources */ = {
			isa = PBXResourcesBuildPhase;
			buildActionMask = 2147483647;
			files = (
			);
			runOnlyForDeploymentPostprocessing = 0;
		};
/* End PBXResourcesBuildPhase section */

/* Begin PBXSourcesBuildPhase section */
		3BE2DB0D2CA44AE6001200B6 /* Sources */ = {
			isa = PBXSourcesBuildPhase;
			buildActionMask = 2147483647;
			files = (
				3BE2DB172CA44AE6001200B6 /* ContentView.swift in Sources */,
				3BE2DB152CA44AE6001200B6 /* TiktokCloneApp.swift in Sources */,
			);
			runOnlyForDeploymentPostprocessing = 0;
		};
		3BE2DB1E2CA44AE9001200B6 /* Sources */ = {
			isa = PBXSourcesBuildPhase;
			buildActionMask = 2147483647;
			files = (
				3BE2DB272CA44AE9001200B6 /* TiktokCloneTests.swift in Sources */,
			);
			runOnlyForDeploymentPostprocessing = 0;
		};
		3BE2DB282CA44AE9001200B6 /* Sources */ = {
			isa = PBXSourcesBuildPhase;
			buildActionMask = 2147483647;
			files = (
				3BE2DB332CA44AE9001200B6 /* TiktokCloneUITestsLaunchTests.swift in Sources */,
				3BE2DB312CA44AE9001200B6 /* TiktokCloneUITests.swift in Sources */,
			);
			runOnlyForDeploymentPostprocessing = 0;
		};
/* End PBXSourcesBuildPhase section */

/* Begin PBXTargetDependency section */
		3BE2DB242CA44AE9001200B6 /* PBXTargetDependency */ = {
			isa = PBXTargetDependency;
			target = 3BE2DB102CA44AE6001200B6 /* TiktokClone */;
			targetProxy = 3BE2DB232CA44AE9001200B6 /* PBXContainerItemProxy */;
		};
		3BE2DB2E2CA44AE9001200B6 /* PBXTargetDependency */ = {
			isa = PBXTargetDependency;
			target = 3BE2DB102CA44AE6001200B6 /* TiktokClone */;
			targetProxy = 3BE2DB2D2CA44AE9001200B6 /* PBXContainerItemProxy */;
		};
/* End PBXTargetDependency section */

/* Begin XCBuildConfiguration section */
		3BE2DB342CA44AE9001200B6 /* Debug */ = {
			isa = XCBuildConfiguration;
			buildSettings = {
				ALWAYS_SEARCH_USER_PATHS = NO;
				ASSETCATALOG_COMPILER_GENERATE_SWIFT_ASSET_SYMBOL_EXTENSIONS = YES;
				CLANG_ANALYZER_NONNULL = YES;
				CLANG_ANALYZER_NUMBER_OBJECT_CONVERSION = YES_AGGRESSIVE;
				CLANG_CXX_LANGUAGE_STANDARD = "gnu++20";
				CLANG_ENABLE_MODULES = YES;
				CLANG_ENABLE_OBJC_ARC = YES;
				CLANG_ENABLE_OBJC_WEAK = YES;
				CLANG_WARN_BLOCK_CAPTURE_AUTORELEASING = YES;
				CLANG_WARN_BOOL_CONVERSION = YES;
				CLANG_WARN_COMMA = YES;
				CLANG_WARN_CONSTANT_CONVERSION = YES;
				CLANG_WARN_DEPRECATED_OBJC_IMPLEMENTATIONS = YES;
				CLANG_WARN_DIRECT_OBJC_ISA_USAGE = YES_ERROR;
				CLANG_WARN_DOCUMENTATION_COMMENTS = YES;
				CLANG_WARN_EMPTY_BODY = YES;
				CLANG_WARN_ENUM_CONVERSION = YES;
				CLANG_WARN_INFINITE_RECURSION = YES;
				CLANG_WARN_INT_CONVERSION = YES;
				CLANG_WARN_NON_LITERAL_NULL_CONVERSION = YES;
				CLANG_WARN_OBJC_IMPLICIT_RETAIN_SELF = YES;
				CLANG_WARN_OBJC_LITERAL_CONVERSION = YES;
				CLANG_WARN_OBJC_ROOT_CLASS = YES_ERROR;
				CLANG_WARN_QUOTED_INCLUDE_IN_FRAMEWORK_HEADER = YES;
				CLANG_WARN_RANGE_LOOP_ANALYSIS = YES;
				CLANG_WARN_STRICT_PROTOTYPES = YES;
				CLANG_WARN_SUSPICIOUS_MOVE = YES;
				CLANG_WARN_UNGUARDED_AVAILABILITY = YES_AGGRESSIVE;
				CLANG_WARN_UNREACHABLE_CODE = YES;
				CLANG_WARN__DUPLICATE_METHOD_MATCH = YES;
				COPY_PHASE_STRIP = NO;
				DEBUG_INFORMATION_FORMAT = dwarf;
				ENABLE_STRICT_OBJC_MSGSEND = YES;
				ENABLE_TESTABILITY = YES;
				ENABLE_USER_SCRIPT_SANDBOXING = YES;
				GCC_C_LANGUAGE_STANDARD = gnu17;
				GCC_DYNAMIC_NO_PIC = NO;
				GCC_NO_COMMON_BLOCKS = YES;
				GCC_OPTIMIZATION_LEVEL = 0;
				GCC_PREPROCESSOR_DEFINITIONS = (
					"DEBUG=1",
					"$(inherited)",
				);
				GCC_WARN_64_TO_32_BIT_CONVERSION = YES;
				GCC_WARN_ABOUT_RETURN_TYPE = YES_ERROR;
				GCC_WARN_UNDECLARED_SELECTOR = YES;
				GCC_WARN_UNINITIALIZED_AUTOS = YES_AGGRESSIVE;
				GCC_WARN_UNUSED_FUNCTION = YES;
				GCC_WARN_UNUSED_VARIABLE = YES;
				LOCALIZATION_PREFERS_STRING_CATALOGS = YES;
				MTL_ENABLE_DEBUG_INFO = INCLUDE_SOURCE;
				MTL_FAST_MATH = YES;
				ONLY_ACTIVE_ARCH = YES;
				SWIFT_ACTIVE_COMPILATION_CONDITIONS = "DEBUG $(inherited)";
				SWIFT_OPTIMIZATION_LEVEL = "-Onone";
			};
			name = Debug;
		};
		3BE2DB352CA44AE9001200B6 /* Release */ = {
			isa = XCBuildConfiguration;
			buildSettings = {
				ALWAYS_SEARCH_USER_PATHS = NO;
				ASSETCATALOG_COMPILER_GENERATE_SWIFT_ASSET_SYMBOL_EXTENSIONS = YES;
				CLANG_ANALYZER_NONNULL = YES;
				CLANG_ANALYZER_NUMBER_OBJECT_CONVERSION = YES_AGGRESSIVE;
				CLANG_CXX_LANGUAGE_STANDARD = "gnu++20";
				CLANG_ENABLE_MODULES = YES;
				CLANG_ENABLE_OBJC_ARC = YES;
				CLANG_ENABLE_OBJC_WEAK = YES;
				CLANG_WARN_BLOCK_CAPTURE_AUTORELEASING = YES;
				CLANG_WARN_BOOL_CONVERSION = YES;
				CLANG_WARN_COMMA = YES;
				CLANG_WARN_CONSTANT_CONVERSION = YES;
				CLANG_WARN_DEPRECATED_OBJC_IMPLEMENTATIONS = YES;
				CLANG_WARN_DIRECT_OBJC_ISA_USAGE = YES_ERROR;
				CLANG_WARN_DOCUMENTATION_COMMENTS = YES;
				CLANG_WARN_EMPTY_BODY = YES;
				CLANG_WARN_ENUM_CONVERSION = YES;
				CLANG_WARN_INFINITE_RECURSION = YES;
				CLANG_WARN_INT_CONVERSION = YES;
				CLANG_WARN_NON_LITERAL_NULL_CONVERSION = YES;
				CLANG_WARN_OBJC_IMPLICIT_RETAIN_SELF = YES;
				CLANG_WARN_OBJC_LITERAL_CONVERSION = YES;
				CLANG_WARN_OBJC_ROOT_CLASS = YES_ERROR;
				CLANG_WARN_QUOTED_INCLUDE_IN_FRAMEWORK_HEADER = YES;
				CLANG_WARN_RANGE_LOOP_ANALYSIS = YES;
				CLANG_WARN_STRICT_PROTOTYPES = YES;
				CLANG_WARN_SUSPICIOUS_MOVE = YES;
				CLANG_WARN_UNGUARDED_AVAILABILITY = YES_AGGRESSIVE;
				CLANG_WARN_UNREACHABLE_CODE = YES;
				CLANG_WARN__DUPLICATE_METHOD_MATCH = YES;
				COPY_PHASE_STRIP = NO;
				DEBUG_INFORMATION_FORMAT = "dwarf-with-dsym";
				ENABLE_NS_ASSERTIONS = NO;
				ENABLE_STRICT_OBJC_MSGSEND = YES;
				ENABLE_USER_SCRIPT_SANDBOXING = YES;
				GCC_C_LANGUAGE_STANDARD = gnu17;
				GCC_NO_COMMON_BLOCKS = YES;
				GCC_WARN_64_TO_32_BIT_CONVERSION = YES;
				GCC_WARN_ABOUT_RETURN_TYPE = YES_ERROR;
				GCC_WARN_UNDECLARED_SELECTOR = YES;
				GCC_WARN_UNINITIALIZED_AUTOS = YES_AGGRESSIVE;
				GCC_WARN_UNUSED_FUNCTION = YES;
				GCC_WARN_UNUSED_VARIABLE = YES;
				LOCALIZATION_PREFERS_STRING_CATALOGS = YES;
				MTL_ENABLE_DEBUG_INFO = NO;
				MTL_FAST_MATH = YES;
				SWIFT_COMPILATION_MODE = wholemodule;
			};
			name = Release;
		};
		3BE2DB372CA44AE9001200B6 /* Debug */ = {
			isa = XCBuildConfiguration;
			buildSettings = {
				ASSETCATALOG_COMPILER_APPICON_NAME = AppIcon;
				ASSETCATALOG_COMPILER_GLOBAL_ACCENT_COLOR_NAME = AccentColor;
				CODE_SIGN_ENTITLEMENTS = TiktokClone/TiktokClone.entitlements;
				CODE_SIGN_STYLE = Automatic;
				CURRENT_PROJECT_VERSION = 1;
				DEVELOPMENT_ASSET_PATHS = "\"TiktokClone/Preview Content\"";
				DEVELOPMENT_TEAM = 922N7TF68N;
				ENABLE_HARDENED_RUNTIME = YES;
				ENABLE_PREVIEWS = YES;
				GENERATE_INFOPLIST_FILE = YES;
				"INFOPLIST_KEY_UIApplicationSceneManifest_Generation[sdk=iphoneos*]" = YES;
				"INFOPLIST_KEY_UIApplicationSceneManifest_Generation[sdk=iphonesimulator*]" = YES;
				"INFOPLIST_KEY_UIApplicationSupportsIndirectInputEvents[sdk=iphoneos*]" = YES;
				"INFOPLIST_KEY_UIApplicationSupportsIndirectInputEvents[sdk=iphonesimulator*]" = YES;
				"INFOPLIST_KEY_UILaunchScreen_Generation[sdk=iphoneos*]" = YES;
				"INFOPLIST_KEY_UILaunchScreen_Generation[sdk=iphonesimulator*]" = YES;
				"INFOPLIST_KEY_UIStatusBarStyle[sdk=iphoneos*]" = UIStatusBarStyleDefault;
				"INFOPLIST_KEY_UIStatusBarStyle[sdk=iphonesimulator*]" = UIStatusBarStyleDefault;
				INFOPLIST_KEY_UISupportedInterfaceOrientations_iPad = "UIInterfaceOrientationPortrait UIInterfaceOrientationPortraitUpsideDown UIInterfaceOrientationLandscapeLeft UIInterfaceOrientationLandscapeRight";
				INFOPLIST_KEY_UISupportedInterfaceOrientations_iPhone = "UIInterfaceOrientationPortrait UIInterfaceOrientationLandscapeLeft UIInterfaceOrientationLandscapeRight";
				IPHONEOS_DEPLOYMENT_TARGET = 17.5;
				LD_RUNPATH_SEARCH_PATHS = "@executable_path/Frameworks";
				"LD_RUNPATH_SEARCH_PATHS[sdk=macosx*]" = "@executable_path/../Frameworks";
				MACOSX_DEPLOYMENT_TARGET = 14.5;
				MARKETING_VERSION = 1.0;
				PRODUCT_BUNDLE_IDENTIFIER = aaa.TiktokClone;
				PRODUCT_NAME = "$(TARGET_NAME)";
				SDKROOT = auto;
				SUPPORTED_PLATFORMS = "iphoneos iphonesimulator macosx";
				SWIFT_EMIT_LOC_STRINGS = YES;
				SWIFT_VERSION = 5.0;
				TARGETED_DEVICE_FAMILY = "1,2";
			};
			name = Debug;
		};
		3BE2DB382CA44AE9001200B6 /* Release */ = {
			isa = XCBuildConfiguration;
			buildSettings = {
				ASSETCATALOG_COMPILER_APPICON_NAME = AppIcon;
				ASSETCATALOG_COMPILER_GLOBAL_ACCENT_COLOR_NAME = AccentColor;
				CODE_SIGN_ENTITLEMENTS = TiktokClone/TiktokClone.entitlements;
				CODE_SIGN_STYLE = Automatic;
				CURRENT_PROJECT_VERSION = 1;
				DEVELOPMENT_ASSET_PATHS = "\"TiktokClone/Preview Content\"";
				DEVELOPMENT_TEAM = 922N7TF68N;
				ENABLE_HARDENED_RUNTIME = YES;
				ENABLE_PREVIEWS = YES;
				GENERATE_INFOPLIST_FILE = YES;
				"INFOPLIST_KEY_UIApplicationSceneManifest_Generation[sdk=iphoneos*]" = YES;
				"INFOPLIST_KEY_UIApplicationSceneManifest_Generation[sdk=iphonesimulator*]" = YES;
				"INFOPLIST_KEY_UIApplicationSupportsIndirectInputEvents[sdk=iphoneos*]" = YES;
				"INFOPLIST_KEY_UIApplicationSupportsIndirectInputEvents[sdk=iphonesimulator*]" = YES;
				"INFOPLIST_KEY_UILaunchScreen_Generation[sdk=iphoneos*]" = YES;
				"INFOPLIST_KEY_UILaunchScreen_Generation[sdk=iphonesimulator*]" = YES;
				"INFOPLIST_KEY_UIStatusBarStyle[sdk=iphoneos*]" = UIStatusBarStyleDefault;
				"INFOPLIST_KEY_UIStatusBarStyle[sdk=iphonesimulator*]" = UIStatusBarStyleDefault;
				INFOPLIST_KEY_UISupportedInterfaceOrientations_iPad = "UIInterfaceOrientationPortrait UIInterfaceOrientationPortraitUpsideDown UIInterfaceOrientationLandscapeLeft UIInterfaceOrientationLandscapeRight";
				INFOPLIST_KEY_UISupportedInterfaceOrientations_iPhone = "UIInterfaceOrientationPortrait UIInterfaceOrientationLandscapeLeft UIInterfaceOrientationLandscapeRight";
				IPHONEOS_DEPLOYMENT_TARGET = 17.5;
				LD_RUNPATH_SEARCH_PATHS = "@executable_path/Frameworks";
				"LD_RUNPATH_SEARCH_PATHS[sdk=macosx*]" = "@executable_path/../Frameworks";
				MACOSX_DEPLOYMENT_TARGET = 14.5;
				MARKETING_VERSION = 1.0;
				PRODUCT_BUNDLE_IDENTIFIER = aaa.TiktokClone;
				PRODUCT_NAME = "$(TARGET_NAME)";
				SDKROOT = auto;
				SUPPORTED_PLATFORMS = "iphoneos iphonesimulator macosx";
				SWIFT_EMIT_LOC_STRINGS = YES;
				SWIFT_VERSION = 5.0;
				TARGETED_DEVICE_FAMILY = "1,2";
			};
			name = Release;
		};
		3BE2DB3A2CA44AE9001200B6 /* Debug */ = {
			isa = XCBuildConfiguration;
			buildSettings = {
				ALWAYS_EMBED_SWIFT_STANDARD_LIBRARIES = YES;
				BUNDLE_LOADER = "$(TEST_HOST)";
				CODE_SIGN_STYLE = Automatic;
				CURRENT_PROJECT_VERSION = 1;
				DEVELOPMENT_TEAM = 922N7TF68N;
				GENERATE_INFOPLIST_FILE = YES;
				IPHONEOS_DEPLOYMENT_TARGET = 17.5;
				MACOSX_DEPLOYMENT_TARGET = 14.5;
				MARKETING_VERSION = 1.0;
				PRODUCT_BUNDLE_IDENTIFIER = aaa.TiktokCloneTests;
				PRODUCT_NAME = "$(TARGET_NAME)";
				SDKROOT = auto;
				SUPPORTED_PLATFORMS = "iphoneos iphonesimulator macosx";
				SWIFT_EMIT_LOC_STRINGS = NO;
				SWIFT_VERSION = 5.0;
				TARGETED_DEVICE_FAMILY = "1,2";
				TEST_HOST = "$(BUILT_PRODUCTS_DIR)/TiktokClone.app/$(BUNDLE_EXECUTABLE_FOLDER_PATH)/TiktokClone";
			};
			name = Debug;
		};
		3BE2DB3B2CA44AE9001200B6 /* Release */ = {
			isa = XCBuildConfiguration;
			buildSettings = {
				ALWAYS_EMBED_SWIFT_STANDARD_LIBRARIES = YES;
				BUNDLE_LOADER = "$(TEST_HOST)";
				CODE_SIGN_STYLE = Automatic;
				CURRENT_PROJECT_VERSION = 1;
				DEVELOPMENT_TEAM = 922N7TF68N;
				GENERATE_INFOPLIST_FILE = YES;
				IPHONEOS_DEPLOYMENT_TARGET = 17.5;
				MACOSX_DEPLOYMENT_TARGET = 14.5;
				MARKETING_VERSION = 1.0;
				PRODUCT_BUNDLE_IDENTIFIER = aaa.TiktokCloneTests;
				PRODUCT_NAME = "$(TARGET_NAME)";
				SDKROOT = auto;
				SUPPORTED_PLATFORMS = "iphoneos iphonesimulator macosx";
				SWIFT_EMIT_LOC_STRINGS = NO;
				SWIFT_VERSION = 5.0;
				TARGETED_DEVICE_FAMILY = "1,2";
				TEST_HOST = "$(BUILT_PRODUCTS_DIR)/TiktokClone.app/$(BUNDLE_EXECUTABLE_FOLDER_PATH)/TiktokClone";
			};
			name = Release;
		};
		3BE2DB3D2CA44AE9001200B6 /* Debug */ = {
			isa = XCBuildConfiguration;
			buildSettings = {
				ALWAYS_EMBED_SWIFT_STANDARD_LIBRARIES = YES;
				CODE_SIGN_STYLE = Automatic;
				CURRENT_PROJECT_VERSION = 1;
				DEVELOPMENT_TEAM = 922N7TF68N;
				GENERATE_INFOPLIST_FILE = YES;
				IPHONEOS_DEPLOYMENT_TARGET = 17.5;
				MACOSX_DEPLOYMENT_TARGET = 14.5;
				MARKETING_VERSION = 1.0;
				PRODUCT_BUNDLE_IDENTIFIER = aaa.TiktokCloneUITests;
				PRODUCT_NAME = "$(TARGET_NAME)";
				SDKROOT = auto;
				SUPPORTED_PLATFORMS = "iphoneos iphonesimulator macosx";
				SWIFT_EMIT_LOC_STRINGS = NO;
				SWIFT_VERSION = 5.0;
				TARGETED_DEVICE_FAMILY = "1,2";
				TEST_TARGET_NAME = TiktokClone;
			};
			name = Debug;
		};
		3BE2DB3E2CA44AE9001200B6 /* Release */ = {
			isa = XCBuildConfiguration;
			buildSettings = {
				ALWAYS_EMBED_SWIFT_STANDARD_LIBRARIES = YES;
				CODE_SIGN_STYLE = Automatic;
				CURRENT_PROJECT_VERSION = 1;
				DEVELOPMENT_TEAM = 922N7TF68N;
				GENERATE_INFOPLIST_FILE = YES;
				IPHONEOS_DEPLOYMENT_TARGET = 17.5;
				MACOSX_DEPLOYMENT_TARGET = 14.5;
				MARKETING_VERSION = 1.0;
				PRODUCT_BUNDLE_IDENTIFIER = aaa.TiktokCloneUITests;
				PRODUCT_NAME = "$(TARGET_NAME)";
				SDKROOT = auto;
				SUPPORTED_PLATFORMS = "iphoneos iphonesimulator macosx";
				SWIFT_EMIT_LOC_STRINGS = NO;
				SWIFT_VERSION = 5.0;
				TARGETED_DEVICE_FAMILY = "1,2";
				TEST_TARGET_NAME = TiktokClone;
			};
			name = Release;
		};
/* End XCBuildConfiguration section */

/* Begin XCConfigurationList section */
		3BE2DB0C2CA44AE6001200B6 /* Build configuration list for PBXProject "TiktokClone" */ = {
			isa = XCConfigurationList;
			buildConfigurations = (
				3BE2DB342CA44AE9001200B6 /* Debug */,
				3BE2DB352CA44AE9001200B6 /* Release */,
			);
			defaultConfigurationIsVisible = 0;
			defaultConfigurationName = Release;
		};
		3BE2DB362CA44AE9001200B6 /* Build configuration list for PBXNativeTarget "TiktokClone" */ = {
			isa = XCConfigurationList;
			buildConfigurations = (
				3BE2DB372CA44AE9001200B6 /* Debug */,
				3BE2DB382CA44AE9001200B6 /* Release */,
			);
			defaultConfigurationIsVisible = 0;
			defaultConfigurationName = Release;
		};
		3BE2DB392CA44AE9001200B6 /* Build configuration list for PBXNativeTarget "TiktokCloneTests" */ = {
			isa = XCConfigurationList;
			buildConfigurations = (
				3BE2DB3A2CA44AE9001200B6 /* Debug */,
				3BE2DB3B2CA44AE9001200B6 /* Release */,
			);
			defaultConfigurationIsVisible = 0;
			defaultConfigurationName = Release;
		};
		3BE2DB3C2CA44AE9001200B6 /* Build configuration list for PBXNativeTarget "TiktokCloneUITests" */ = {
			isa = XCConfigurationList;
			buildConfigurations = (
				3BE2DB3D2CA44AE9001200B6 /* Debug */,
				3BE2DB3E2CA44AE9001200B6 /* Release */,
			);
			defaultConfigurationIsVisible = 0;
			defaultConfigurationName = Release;
		};
/* End XCConfigurationList section */
	};
	rootObject = 3BE2DB092CA44AE6001200B6 /* Project object */;
}
